PODS:
  - CallbackURLKit (2.3.0):
    - CallbackURLKit/Core (= 2.3.0)
  - CallbackURLKit/Core (2.3.0)
  - FidoUafClientiOS (0.1.9)
  - JOSESwift (2.0.0)

DEPENDENCIES:
  - CallbackURLKit
  - FidoUafClientiOS (from `../`)
  - JOSESwift

SPEC REPOS:
  trunk:
    - CallbackURLKit
    - JOSESwift

EXTERNAL SOURCES:
  FidoUafClientiOS:
    :path: "../"

SPEC CHECKSUMS:
  CallbackURLKit: a940d1b869c70e1fa700ea06f988ba2a8963dafb
  FidoUafClientiOS: cf427672f49a228cf322cbc7cf37a0e0749b1386
  JOSESwift: d6fb57919feb1b8667e2c68b8432623f744047ba

PODFILE CHECKSUM: a87f628274fe253326e1d211ac8f4959a1cc49c6

COCOAPODS: 1.8.4
