PODS:
  - CallbackURLKit (2.3.0):
    - CallbackURLKit/Core (= 2.3.0)
  - CallbackURLKit/Core (2.3.0)
  - FidoUafClientiOS (0.1.9):
    - JOSESwift
  - JOSESwift (2.0.0)

DEPENDENCIES:
  - CallbackURLKit
  - FidoUafClientiOS (from `../`)

SPEC REPOS:
  trunk:
    - CallbackURLKit
    - JOSESwift

EXTERNAL SOURCES:
  FidoUafClientiOS:
    :path: "../"

SPEC CHECKSUMS:
  CallbackURLKit: a940d1b869c70e1fa700ea06f988ba2a8963dafb
  FidoUafClientiOS: 8561d3395f593874f33726314f229b84821179cc
  JOSESwift: d6fb57919feb1b8667e2c68b8432623f744047ba

PODFILE CHECKSUM: 7da026a495a2a2b32d9ce800c79e8ec55d938ea6

COCOAPODS: 1.8.4
